
Microsoft Visual Studio Solution File, Format Version 12.00
# Visual Studio 14
VisualStudioVersion = 14.0.25420.1
MinimumVisualStudioVersion = 10.0.40219.1
Project("{FAE04EC0-301F-11D3-BF4B-00C04F79EFBC}") = "Tuan02", "Tuan02\Tuan02.csproj", "{81E45CCD-56AA-47E5-BE83-17C68BB2A29A}"
EndProject
Global
	GlobalSection(SolutionConfigurationPlatforms) = preSolution
		Debug|Any CPU = Debug|Any CPU
		Release|Any CPU = Release|Any CPU
	EndGlobalSection
	GlobalSection(ProjectConfigurationPlatforms) = postSolution
		{81E45CCD-56AA-47E5-BE83-17C68BB2A29A}.Debug|Any CPU.ActiveCfg = Debug|Any CPU
		{81E45CCD-56AA-47E5-BE83-17C68BB2A29A}.Debug|Any CPU.Build.0 = Debug|Any CPU
		{81E45CCD-56AA-47E5-BE83-17C68BB2A29A}.Release|Any CPU.ActiveCfg = Release|Any CPU
		{81E45CCD-56AA-47E5-BE83-17C68BB2A29A}.Release|Any CPU.Build.0 = Release|Any CPU
	EndGlobalSection
	GlobalSection(SolutionProperties) = preSolution
		HideSolutionNode = FALSE
	EndGlobalSection
EndGlobal
